
Microsoft Visual Studio Solution File, Format Version 12.00
# Visual Studio Version 17
VisualStudioVersion = 17.3.32901.215
MinimumVisualStudioVersion = 10.0.40219.1
Project("{9A19103F-16F7-4668-BE54-9A1E7A4F7556}") = "VTITBID.ISP20.Nozdin.Bill", "VTITBID.ISP20.Nozdin.Bill\VTITBID.ISP20.Nozdin.Bill.csproj", "{26169AB2-4F59-49C9-9B60-DB2204CE87C2}"
EndProject
Project("{9A19103F-16F7-4668-BE54-9A1E7A4F7556}") = "VTITBID.ISP20.Nozdin.Note", "VTITBID.ISP20.Nozdin.Note\VTITBID.ISP20.Nozdin.Note.csproj", "{12904BF2-A125-49B8-94A9-5567F95F42A5}"
EndProject
Project("{FAE04EC0-301F-11D3-BF4B-00C04F79EFBC}") = "VTITBID.ISP20.Nozdin.Price", "VTITBID.ISP20.Nozdin.Price\VTITBID.ISP20.Nozdin.Price.csproj", "{A0468152-55F0-4B09-BEF4-5A3758CF4827}"
EndProject
Project("{FAE04EC0-301F-11D3-BF4B-00C04F79EFBC}") = "VTITBID.ISP20.Nozdin.Route", "VTITBID.ISP20.Nozdin.Route\VTITBID.ISP20.Nozdin.Route.csproj", "{8092EA8A-4B3C-4D80-852B-5FF8EDAB880D}"
EndProject
Project("{FAE04EC0-301F-11D3-BF4B-00C04F79EFBC}") = "VTITBID.ISP20.Nozdin.Zodiac", "VTITBID.ISP20.Nozdin.Zodiac\VTITBID.ISP20.Nozdin.Zodiac.csproj", "{E453E449-35E0-4A6C-856A-888650BA3FDA}"
EndProject
Global
	GlobalSection(SolutionConfigurationPlatforms) = preSolution
		Debug|Any CPU = Debug|Any CPU
		Release|Any CPU = Release|Any CPU
	EndGlobalSection
	GlobalSection(ProjectConfigurationPlatforms) = postSolution
		{26169AB2-4F59-49C9-9B60-DB2204CE87C2}.Debug|Any CPU.ActiveCfg = Debug|Any CPU
		{26169AB2-4F59-49C9-9B60-DB2204CE87C2}.Debug|Any CPU.Build.0 = Debug|Any CPU
		{26169AB2-4F59-49C9-9B60-DB2204CE87C2}.Release|Any CPU.ActiveCfg = Release|Any CPU
		{26169AB2-4F59-49C9-9B60-DB2204CE87C2}.Release|Any CPU.Build.0 = Release|Any CPU
		{12904BF2-A125-49B8-94A9-5567F95F42A5}.Debug|Any CPU.ActiveCfg = Debug|Any CPU
		{12904BF2-A125-49B8-94A9-5567F95F42A5}.Debug|Any CPU.Build.0 = Debug|Any CPU
		{12904BF2-A125-49B8-94A9-5567F95F42A5}.Release|Any CPU.ActiveCfg = Release|Any CPU
		{12904BF2-A125-49B8-94A9-5567F95F42A5}.Release|Any CPU.Build.0 = Release|Any CPU
		{A0468152-55F0-4B09-BEF4-5A3758CF4827}.Debug|Any CPU.ActiveCfg = Debug|Any CPU
		{A0468152-55F0-4B09-BEF4-5A3758CF4827}.Debug|Any CPU.Build.0 = Debug|Any CPU
		{A0468152-55F0-4B09-BEF4-5A3758CF4827}.Release|Any CPU.ActiveCfg = Release|Any CPU
		{A0468152-55F0-4B09-BEF4-5A3758CF4827}.Release|Any CPU.Build.0 = Release|Any CPU
		{8092EA8A-4B3C-4D80-852B-5FF8EDAB880D}.Debug|Any CPU.ActiveCfg = Debug|Any CPU
		{8092EA8A-4B3C-4D80-852B-5FF8EDAB880D}.Debug|Any CPU.Build.0 = Debug|Any CPU
		{8092EA8A-4B3C-4D80-852B-5FF8EDAB880D}.Release|Any CPU.ActiveCfg = Release|Any CPU
		{8092EA8A-4B3C-4D80-852B-5FF8EDAB880D}.Release|Any CPU.Build.0 = Release|Any CPU
		{E453E449-35E0-4A6C-856A-888650BA3FDA}.Debug|Any CPU.ActiveCfg = Debug|Any CPU
		{E453E449-35E0-4A6C-856A-888650BA3FDA}.Debug|Any CPU.Build.0 = Debug|Any CPU
		{E453E449-35E0-4A6C-856A-888650BA3FDA}.Release|Any CPU.ActiveCfg = Release|Any CPU
		{E453E449-35E0-4A6C-856A-888650BA3FDA}.Release|Any CPU.Build.0 = Release|Any CPU
	EndGlobalSection
	GlobalSection(SolutionProperties) = preSolution
		HideSolutionNode = FALSE
	EndGlobalSection
	GlobalSection(ExtensibilityGlobals) = postSolution
		SolutionGuid = {1082D77F-95F1-4B88-953D-9EA9B275B2E2}
	EndGlobalSection
EndGlobal
